
Microsoft Visual Studio Solution File, Format Version 12.00
# Visual Studio Version 17
VisualStudioVersion = 17.14.36301.6 d17.14
MinimumVisualStudioVersion = 10.0.40219.1
Project("{FAE04EC0-301F-11D3-BF4B-00C04F79EFBC}") = "hospital-time-tracker-service", "hospital-time-tracker-service.csproj", "{9B8FA9A8-3925-4CC7-86AF-4A67D75EFC24}"
EndProject
Project("{FAE04EC0-301F-11D3-BF4B-00C04F79EFBC}") = "hospital-time-tracker-service.Tests", "hospital-time-tracker-service.Tests\hospital-time-tracker-service.Tests.csproj", "{A1B2C3D4-E5F6-7890-ABCD-EF1234567890}"
EndProject
Global
	GlobalSection(SolutionConfigurationPlatforms) = preSolution
		Debug|Any CPU = Debug|Any CPU
		Release|Any CPU = Release|Any CPU
	EndGlobalSection
	GlobalSection(ProjectConfigurationPlatforms) = postSolution
		{9B8FA9A8-3925-4CC7-86AF-4A67D75EFC24}.Debug|Any CPU.ActiveCfg = Debug|Any CPU
		{9B8FA9A8-3925-4CC7-86AF-4A67D75EFC24}.Debug|Any CPU.Build.0 = Debug|Any CPU
		{9B8FA9A8-3925-4CC7-86AF-4A67D75EFC24}.Release|Any CPU.ActiveCfg = Release|Any CPU
		{9B8FA9A8-3925-4CC7-86AF-4A67D75EFC24}.Release|Any CPU.Build.0 = Release|Any CPU
		{A1B2C3D4-E5F6-7890-ABCD-EF1234567890}.Debug|Any CPU.ActiveCfg = Debug|Any CPU
		{A1B2C3D4-E5F6-7890-ABCD-EF1234567890}.Debug|Any CPU.Build.0 = Debug|Any CPU
		{A1B2C3D4-E5F6-7890-ABCD-EF1234567890}.Release|Any CPU.ActiveCfg = Release|Any CPU
		{A1B2C3D4-E5F6-7890-ABCD-EF1234567890}.Release|Any CPU.Build.0 = Release|Any CPU
	EndGlobalSection
	GlobalSection(SolutionProperties) = preSolution
		HideSolutionNode = FALSE
	EndGlobalSection
	GlobalSection(ExtensibilityGlobals) = postSolution
		SolutionGuid = {76B17667-F5EE-44D2-92E5-AD02A48959D9}
	EndGlobalSection
EndGlobal
